
Microsoft Visual Studio Solution File, Format Version 12.00
# Visual Studio 15
VisualStudioVersion = 15.0.26430.12
MinimumVisualStudioVersion = 10.0.40219.1
Project("{FAE04EC0-301F-11D3-BF4B-00C04F79EFBC}") = "RawSharer", "RawSharer\RawSharer.csproj", "{539B14EE-A08A-49FC-95AC-CB14BA1CFE1C}"
EndProject
Project("{FAE04EC0-301F-11D3-BF4B-00C04F79EFBC}") = "RawSharer.LyricsParser", "RawSharer.LyricsParser\RawSharer.LyricsParser.csproj", "{8CE5F7DF-18C1-471F-BE2C-83EE7B2D9C4A}"
EndProject
Project("{FAE04EC0-301F-11D3-BF4B-00C04F79EFBC}") = "RawSharer.Shared", "RawSharer.Shared\RawSharer.Shared.csproj", "{403B8B5C-B66D-454B-B81B-CFF1B83B1C66}"
EndProject
Global
	GlobalSection(SolutionConfigurationPlatforms) = preSolution
		Debug|Any CPU = Debug|Any CPU
		Release|Any CPU = Release|Any CPU
	EndGlobalSection
	GlobalSection(ProjectConfigurationPlatforms) = postSolution
		{539B14EE-A08A-49FC-95AC-CB14BA1CFE1C}.Debug|Any CPU.ActiveCfg = Debug|Any CPU
		{539B14EE-A08A-49FC-95AC-CB14BA1CFE1C}.Debug|Any CPU.Build.0 = Debug|Any CPU
		{539B14EE-A08A-49FC-95AC-CB14BA1CFE1C}.Release|Any CPU.ActiveCfg = Release|Any CPU
		{539B14EE-A08A-49FC-95AC-CB14BA1CFE1C}.Release|Any CPU.Build.0 = Release|Any CPU
		{8CE5F7DF-18C1-471F-BE2C-83EE7B2D9C4A}.Debug|Any CPU.ActiveCfg = Debug|Any CPU
		{8CE5F7DF-18C1-471F-BE2C-83EE7B2D9C4A}.Debug|Any CPU.Build.0 = Debug|Any CPU
		{8CE5F7DF-18C1-471F-BE2C-83EE7B2D9C4A}.Release|Any CPU.ActiveCfg = Release|Any CPU
		{8CE5F7DF-18C1-471F-BE2C-83EE7B2D9C4A}.Release|Any CPU.Build.0 = Release|Any CPU
		{403B8B5C-B66D-454B-B81B-CFF1B83B1C66}.Debug|Any CPU.ActiveCfg = Debug|Any CPU
		{403B8B5C-B66D-454B-B81B-CFF1B83B1C66}.Debug|Any CPU.Build.0 = Debug|Any CPU
		{403B8B5C-B66D-454B-B81B-CFF1B83B1C66}.Release|Any CPU.ActiveCfg = Release|Any CPU
		{403B8B5C-B66D-454B-B81B-CFF1B83B1C66}.Release|Any CPU.Build.0 = Release|Any CPU
	EndGlobalSection
	GlobalSection(SolutionProperties) = preSolution
		HideSolutionNode = FALSE
	EndGlobalSection
EndGlobal
